
Microsoft Visual Studio Solution File, Format Version 10.00
# Visual Studio 2008
Project("{2150E333-8FDC-42A3-9474-1A3956D46DE8}") = "CSharp入门经典", "CSharp入门经典", "{BBDD96A1-83A5-4C95-BB61-9FD1E4C04771}"
EndProject
Project("{2150E333-8FDC-42A3-9474-1A3956D46DE8}") = "Chapter02", "Chapter02", "{64FCEB9E-A650-4725-A709-AD7585950C0D}"
EndProject
Project("{2150E333-8FDC-42A3-9474-1A3956D46DE8}") = "Chapter05", "Chapter05", "{4623A229-4CC4-44CC-98CB-DEFFEB1D95B4}"
EndProject
Project("{2150E333-8FDC-42A3-9474-1A3956D46DE8}") = "Chapter03", "Chapter03", "{4C940B1D-F1A5-4CD6-AD1A-3830B901E2B5}"
EndProject
Project("{2150E333-8FDC-42A3-9474-1A3956D46DE8}") = "Chapter06", "Chapter06", "{9DCFE613-1ACC-4E83-BF0D-94E0C1D9ACB2}"
	ProjectSection(SolutionItems) = preProject
		Ch06Ex01\Ch06Ex01\Ch06Ex01.csproj = Ch06Ex01\Ch06Ex01\Ch06Ex01.csproj
	EndProjectSection
EndProject
Project("{FAE04EC0-301F-11D3-BF4B-00C04F79EFBC}") = "Ch06Ex02", "Ch06EX02\Ch06Ex02\Ch06Ex02.csproj", "{66163876-C13E-43E6-8E1C-377828E26A40}"
EndProject
Project("{FAE04EC0-301F-11D3-BF4B-00C04F79EFBC}") = "Coh06Ex03", "Coh06Ex03\Coh06Ex03\Coh06Ex03.csproj", "{1136E98C-CDE2-4081-9ABD-9E11AA8B72CA}"
EndProject
Project("{FAE04EC0-301F-11D3-BF4B-00C04F79EFBC}") = "Coh06Ex04", "Coh06Ex04\Coh06Ex04\Coh06Ex04.csproj", "{DE043679-C3CA-431B-B393-94D32DBFFF46}"
EndProject
Project("{FAE04EC0-301F-11D3-BF4B-00C04F79EFBC}") = "Coh06Ex05", "Coh06Ex05\Coh06Ex05\Coh06Ex05.csproj", "{A773F6EF-1242-4B14-AADE-2E2F9E0A31C8}"
EndProject
Project("{FAE04EC0-301F-11D3-BF4B-00C04F79EFBC}") = "Coh06Ex06", "Coh06Ex06\Coh06Ex06\Coh06Ex06.csproj", "{3508BB25-9355-45F2-BC17-AA3D6BF371F7}"
EndProject
Project("{FAE04EC0-301F-11D3-BF4B-00C04F79EFBC}") = "Coh06Ex07", "Coh06Ex07\Coh06Ex07\Coh06Ex07.csproj", "{519D0923-F10A-4E3E-8C5D-9C8C554ECC51}"
EndProject
Project("{2150E333-8FDC-42A3-9474-1A3956D46DE8}") = "chapter07", "chapter07", "{B14356A7-AF05-4672-A39F-A520CB3DFDCF}"
EndProject
Project("{2150E333-8FDC-42A3-9474-1A3956D46DE8}") = "Chapter08", "Chapter08", "{7D61048D-D9B2-4400-B2B9-87DE4A8DE95D}"
EndProject
Project("{FAE04EC0-301F-11D3-BF4B-00C04F79EFBC}") = "Ch05Ex01", "C#入门经典\Chapter05\Ch05Ex01\Ch05Ex01\Ch05Ex01.csproj", "{31E23882-4E87-46F7-83D3-0A220FF0B3ED}"
EndProject
Project("{FAE04EC0-301F-11D3-BF4B-00C04F79EFBC}") = "Ch05Ex04", "C#入门经典\Chapter05\Ch05Ex04\Ch05Ex04\Ch05Ex04.csproj", "{92D91555-3DD8-4252-841E-DE63395CD135}"
EndProject
Project("{FAE04EC0-301F-11D3-BF4B-00C04F79EFBC}") = "Ch05Ex05", "C#入门经典\Chapter05\Ch05Ex05\Ch05Ex05\Ch05Ex05.csproj", "{DF4A3395-165A-4CE7-ADF6-B09C054BF941}"
EndProject
Project("{FAE04EC0-301F-11D3-BF4B-00C04F79EFBC}") = "Ch05Ex06", "C#入门经典\Chapter05\Ch05Ex06\Ch05Ex06\Ch05Ex06.csproj", "{5031F472-AA7A-4849-9394-DD6881581EB3}"
EndProject
Project("{FAE04EC0-301F-11D3-BF4B-00C04F79EFBC}") = "Ch05Ex07", "C#入门经典\Chapter05\Ch05Ex07\Ch05Ex07\Ch05Ex07.csproj", "{716D09BA-01FB-45C8-BD33-302F2EBE15A6}"
EndProject
Project("{FAE04EC0-301F-11D3-BF4B-00C04F79EFBC}") = "Coh07Ex01", "C#入门经典\Chapter07\Coh07Ex01\Coh07Ex01\Coh07Ex01.csproj", "{F0AFD160-6627-4890-8B4F-D7F8B9606F29}"
EndProject
Project("{FAE04EC0-301F-11D3-BF4B-00C04F79EFBC}") = "Coh07Ex02", "C#入门经典\Chapter07\Coh07Ex02\Coh07Ex02.csproj", "{A0511D42-DC39-490D-B437-37F2D68BA336}"
EndProject
Project("{FAE04EC0-301F-11D3-BF4B-00C04F79EFBC}") = "Ch03Ex01", "C#入门经典\Chapter03\Ch03Ex01\Ch03Ex01.csproj", "{6D0C43A8-3400-4A6B-B1A5-AEAC9764B115}"
EndProject
Global
	GlobalSection(SolutionConfigurationPlatforms) = preSolution
		Debug|Any CPU = Debug|Any CPU
		Release|Any CPU = Release|Any CPU
	EndGlobalSection
	GlobalSection(ProjectConfigurationPlatforms) = postSolution
		{66163876-C13E-43E6-8E1C-377828E26A40}.Debug|Any CPU.ActiveCfg = Debug|Any CPU
		{66163876-C13E-43E6-8E1C-377828E26A40}.Debug|Any CPU.Build.0 = Debug|Any CPU
		{66163876-C13E-43E6-8E1C-377828E26A40}.Release|Any CPU.ActiveCfg = Release|Any CPU
		{66163876-C13E-43E6-8E1C-377828E26A40}.Release|Any CPU.Build.0 = Release|Any CPU
		{1136E98C-CDE2-4081-9ABD-9E11AA8B72CA}.Debug|Any CPU.ActiveCfg = Debug|Any CPU
		{1136E98C-CDE2-4081-9ABD-9E11AA8B72CA}.Debug|Any CPU.Build.0 = Debug|Any CPU
		{1136E98C-CDE2-4081-9ABD-9E11AA8B72CA}.Release|Any CPU.ActiveCfg = Release|Any CPU
		{1136E98C-CDE2-4081-9ABD-9E11AA8B72CA}.Release|Any CPU.Build.0 = Release|Any CPU
		{DE043679-C3CA-431B-B393-94D32DBFFF46}.Debug|Any CPU.ActiveCfg = Debug|Any CPU
		{DE043679-C3CA-431B-B393-94D32DBFFF46}.Debug|Any CPU.Build.0 = Debug|Any CPU
		{DE043679-C3CA-431B-B393-94D32DBFFF46}.Release|Any CPU.ActiveCfg = Release|Any CPU
		{DE043679-C3CA-431B-B393-94D32DBFFF46}.Release|Any CPU.Build.0 = Release|Any CPU
		{A773F6EF-1242-4B14-AADE-2E2F9E0A31C8}.Debug|Any CPU.ActiveCfg = Debug|Any CPU
		{A773F6EF-1242-4B14-AADE-2E2F9E0A31C8}.Debug|Any CPU.Build.0 = Debug|Any CPU
		{A773F6EF-1242-4B14-AADE-2E2F9E0A31C8}.Release|Any CPU.ActiveCfg = Release|Any CPU
		{A773F6EF-1242-4B14-AADE-2E2F9E0A31C8}.Release|Any CPU.Build.0 = Release|Any CPU
		{3508BB25-9355-45F2-BC17-AA3D6BF371F7}.Debug|Any CPU.ActiveCfg = Debug|Any CPU
		{3508BB25-9355-45F2-BC17-AA3D6BF371F7}.Debug|Any CPU.Build.0 = Debug|Any CPU
		{3508BB25-9355-45F2-BC17-AA3D6BF371F7}.Release|Any CPU.ActiveCfg = Release|Any CPU
		{3508BB25-9355-45F2-BC17-AA3D6BF371F7}.Release|Any CPU.Build.0 = Release|Any CPU
		{519D0923-F10A-4E3E-8C5D-9C8C554ECC51}.Debug|Any CPU.ActiveCfg = Debug|Any CPU
		{519D0923-F10A-4E3E-8C5D-9C8C554ECC51}.Debug|Any CPU.Build.0 = Debug|Any CPU
		{519D0923-F10A-4E3E-8C5D-9C8C554ECC51}.Release|Any CPU.ActiveCfg = Release|Any CPU
		{519D0923-F10A-4E3E-8C5D-9C8C554ECC51}.Release|Any CPU.Build.0 = Release|Any CPU
		{31E23882-4E87-46F7-83D3-0A220FF0B3ED}.Debug|Any CPU.ActiveCfg = Debug|Any CPU
		{31E23882-4E87-46F7-83D3-0A220FF0B3ED}.Debug|Any CPU.Build.0 = Debug|Any CPU
		{31E23882-4E87-46F7-83D3-0A220FF0B3ED}.Release|Any CPU.ActiveCfg = Release|Any CPU
		{31E23882-4E87-46F7-83D3-0A220FF0B3ED}.Release|Any CPU.Build.0 = Release|Any CPU
		{92D91555-3DD8-4252-841E-DE63395CD135}.Debug|Any CPU.ActiveCfg = Debug|Any CPU
		{92D91555-3DD8-4252-841E-DE63395CD135}.Debug|Any CPU.Build.0 = Debug|Any CPU
		{92D91555-3DD8-4252-841E-DE63395CD135}.Release|Any CPU.ActiveCfg = Release|Any CPU
		{92D91555-3DD8-4252-841E-DE63395CD135}.Release|Any CPU.Build.0 = Release|Any CPU
		{DF4A3395-165A-4CE7-ADF6-B09C054BF941}.Debug|Any CPU.ActiveCfg = Debug|Any CPU
		{DF4A3395-165A-4CE7-ADF6-B09C054BF941}.Debug|Any CPU.Build.0 = Debug|Any CPU
		{DF4A3395-165A-4CE7-ADF6-B09C054BF941}.Release|Any CPU.ActiveCfg = Release|Any CPU
		{DF4A3395-165A-4CE7-ADF6-B09C054BF941}.Release|Any CPU.Build.0 = Release|Any CPU
		{5031F472-AA7A-4849-9394-DD6881581EB3}.Debug|Any CPU.ActiveCfg = Debug|Any CPU
		{5031F472-AA7A-4849-9394-DD6881581EB3}.Debug|Any CPU.Build.0 = Debug|Any CPU
		{5031F472-AA7A-4849-9394-DD6881581EB3}.Release|Any CPU.ActiveCfg = Release|Any CPU
		{5031F472-AA7A-4849-9394-DD6881581EB3}.Release|Any CPU.Build.0 = Release|Any CPU
		{716D09BA-01FB-45C8-BD33-302F2EBE15A6}.Debug|Any CPU.ActiveCfg = Debug|Any CPU
		{716D09BA-01FB-45C8-BD33-302F2EBE15A6}.Debug|Any CPU.Build.0 = Debug|Any CPU
		{716D09BA-01FB-45C8-BD33-302F2EBE15A6}.Release|Any CPU.ActiveCfg = Release|Any CPU
		{716D09BA-01FB-45C8-BD33-302F2EBE15A6}.Release|Any CPU.Build.0 = Release|Any CPU
		{F0AFD160-6627-4890-8B4F-D7F8B9606F29}.Debug|Any CPU.ActiveCfg = Debug|Any CPU
		{F0AFD160-6627-4890-8B4F-D7F8B9606F29}.Debug|Any CPU.Build.0 = Debug|Any CPU
		{F0AFD160-6627-4890-8B4F-D7F8B9606F29}.Release|Any CPU.ActiveCfg = Release|Any CPU
		{F0AFD160-6627-4890-8B4F-D7F8B9606F29}.Release|Any CPU.Build.0 = Release|Any CPU
		{A0511D42-DC39-490D-B437-37F2D68BA336}.Debug|Any CPU.ActiveCfg = Debug|Any CPU
		{A0511D42-DC39-490D-B437-37F2D68BA336}.Debug|Any CPU.Build.0 = Debug|Any CPU
		{A0511D42-DC39-490D-B437-37F2D68BA336}.Release|Any CPU.ActiveCfg = Release|Any CPU
		{A0511D42-DC39-490D-B437-37F2D68BA336}.Release|Any CPU.Build.0 = Release|Any CPU
		{6D0C43A8-3400-4A6B-B1A5-AEAC9764B115}.Debug|Any CPU.ActiveCfg = Debug|Any CPU
		{6D0C43A8-3400-4A6B-B1A5-AEAC9764B115}.Debug|Any CPU.Build.0 = Debug|Any CPU
		{6D0C43A8-3400-4A6B-B1A5-AEAC9764B115}.Release|Any CPU.ActiveCfg = Release|Any CPU
		{6D0C43A8-3400-4A6B-B1A5-AEAC9764B115}.Release|Any CPU.Build.0 = Release|Any CPU
	EndGlobalSection
	GlobalSection(SolutionProperties) = preSolution
		HideSolutionNode = FALSE
	EndGlobalSection
	GlobalSection(NestedProjects) = preSolution
		{64FCEB9E-A650-4725-A709-AD7585950C0D} = {BBDD96A1-83A5-4C95-BB61-9FD1E4C04771}
		{4623A229-4CC4-44CC-98CB-DEFFEB1D95B4} = {BBDD96A1-83A5-4C95-BB61-9FD1E4C04771}
		{4C940B1D-F1A5-4CD6-AD1A-3830B901E2B5} = {BBDD96A1-83A5-4C95-BB61-9FD1E4C04771}
		{9DCFE613-1ACC-4E83-BF0D-94E0C1D9ACB2} = {BBDD96A1-83A5-4C95-BB61-9FD1E4C04771}
		{B14356A7-AF05-4672-A39F-A520CB3DFDCF} = {BBDD96A1-83A5-4C95-BB61-9FD1E4C04771}
		{7D61048D-D9B2-4400-B2B9-87DE4A8DE95D} = {BBDD96A1-83A5-4C95-BB61-9FD1E4C04771}
		{31E23882-4E87-46F7-83D3-0A220FF0B3ED} = {4623A229-4CC4-44CC-98CB-DEFFEB1D95B4}
		{92D91555-3DD8-4252-841E-DE63395CD135} = {4623A229-4CC4-44CC-98CB-DEFFEB1D95B4}
		{DF4A3395-165A-4CE7-ADF6-B09C054BF941} = {4623A229-4CC4-44CC-98CB-DEFFEB1D95B4}
		{5031F472-AA7A-4849-9394-DD6881581EB3} = {4623A229-4CC4-44CC-98CB-DEFFEB1D95B4}
		{716D09BA-01FB-45C8-BD33-302F2EBE15A6} = {4623A229-4CC4-44CC-98CB-DEFFEB1D95B4}
		{6D0C43A8-3400-4A6B-B1A5-AEAC9764B115} = {4C940B1D-F1A5-4CD6-AD1A-3830B901E2B5}
		{66163876-C13E-43E6-8E1C-377828E26A40} = {9DCFE613-1ACC-4E83-BF0D-94E0C1D9ACB2}
		{1136E98C-CDE2-4081-9ABD-9E11AA8B72CA} = {9DCFE613-1ACC-4E83-BF0D-94E0C1D9ACB2}
		{DE043679-C3CA-431B-B393-94D32DBFFF46} = {9DCFE613-1ACC-4E83-BF0D-94E0C1D9ACB2}
		{A773F6EF-1242-4B14-AADE-2E2F9E0A31C8} = {9DCFE613-1ACC-4E83-BF0D-94E0C1D9ACB2}
		{3508BB25-9355-45F2-BC17-AA3D6BF371F7} = {9DCFE613-1ACC-4E83-BF0D-94E0C1D9ACB2}
		{519D0923-F10A-4E3E-8C5D-9C8C554ECC51} = {9DCFE613-1ACC-4E83-BF0D-94E0C1D9ACB2}
		{F0AFD160-6627-4890-8B4F-D7F8B9606F29} = {B14356A7-AF05-4672-A39F-A520CB3DFDCF}
		{A0511D42-DC39-490D-B437-37F2D68BA336} = {B14356A7-AF05-4672-A39F-A520CB3DFDCF}
	EndGlobalSection
EndGlobal
