
Microsoft Visual Studio Solution File, Format Version 10.00
# Visual Studio 2008
Project("{FAE04EC0-301F-11D3-BF4B-00C04F79EFBC}") = "Coh06Ex04", "Coh06Ex04\Coh06Ex04.csproj", "{DE043679-C3CA-431B-B393-94D32DBFFF46}"
EndProject
Global
	GlobalSection(SolutionConfigurationPlatforms) = preSolution
		Debug|Any CPU = Debug|Any CPU
		Release|Any CPU = Release|Any CPU
	EndGlobalSection
	GlobalSection(ProjectConfigurationPlatforms) = postSolution
		{DE043679-C3CA-431B-B393-94D32DBFFF46}.Debug|Any CPU.ActiveCfg = Debug|Any CPU
		{DE043679-C3CA-431B-B393-94D32DBFFF46}.Debug|Any CPU.Build.0 = Debug|Any CPU
		{DE043679-C3CA-431B-B393-94D32DBFFF46}.Release|Any CPU.ActiveCfg = Release|Any CPU
		{DE043679-C3CA-431B-B393-94D32DBFFF46}.Release|Any CPU.Build.0 = Release|Any CPU
	EndGlobalSection
	GlobalSection(SolutionProperties) = preSolution
		HideSolutionNode = FALSE
	EndGlobalSection
EndGlobal
