
Microsoft Visual Studio Solution File, Format Version 10.00
# Visual Studio 2008
Project("{FAE04EC0-301F-11D3-BF4B-00C04F79EFBC}") = "Ch05Ex01", "Ch05Ex01\Ch05Ex01.csproj", "{31E23882-4E87-46F7-83D3-0A220FF0B3ED}"
EndProject
Project("{2150E333-8FDC-42A3-9474-1A3956D46DE8}") = "Chapter05", "Chapter05", "{8EE27377-D6CA-4102-9DDD-3F8219DF4B45}"
EndProject
Global
	GlobalSection(SolutionConfigurationPlatforms) = preSolution
		Debug|Any CPU = Debug|Any CPU
		Release|Any CPU = Release|Any CPU
	EndGlobalSection
	GlobalSection(ProjectConfigurationPlatforms) = postSolution
		{31E23882-4E87-46F7-83D3-0A220FF0B3ED}.Debug|Any CPU.ActiveCfg = Debug|Any CPU
		{31E23882-4E87-46F7-83D3-0A220FF0B3ED}.Debug|Any CPU.Build.0 = Debug|Any CPU
		{31E23882-4E87-46F7-83D3-0A220FF0B3ED}.Release|Any CPU.ActiveCfg = Release|Any CPU
		{31E23882-4E87-46F7-83D3-0A220FF0B3ED}.Release|Any CPU.Build.0 = Release|Any CPU
	EndGlobalSection
	GlobalSection(SolutionProperties) = preSolution
		HideSolutionNode = FALSE
	EndGlobalSection
EndGlobal
